
Microsoft Visual Studio Solution File, Format Version 11.00
# Visual Studio 2010
Project("{FAE04EC0-301F-11D3-BF4B-00C04F79EFBC}") = "msgpack-sharp", "msgpack-sharp\msgpack-sharp.csproj", "{765753B8-A9EB-4DD1-B0F0-D478E54E9ACB}"
EndProject
Project("{FAE04EC0-301F-11D3-BF4B-00C04F79EFBC}") = "msgpack-sharp-tests", "msgpack-sharp-tests\msgpack-sharp-tests.csproj", "{0587C796-0B5E-4A36-B197-6C40232D4FD1}"
EndProject
Project("{FAE04EC0-301F-11D3-BF4B-00C04F79EFBC}") = "msgpack-sharp-verifier", "msgpack-sharp-verifier\msgpack-sharp-verifier.csproj", "{5A7A433B-0B08-4F87-A526-CE1B71EE4CD6}"
EndProject
Project("{FAE04EC0-301F-11D3-BF4B-00C04F79EFBC}") = "PerfTest", "PerfTest\PerfTest.csproj", "{F9E4A0A8-0657-461D-AAD7-E78B97EBE22E}"
EndProject
Global
	GlobalSection(SolutionConfigurationPlatforms) = preSolution
		Debug|Any CPU = Debug|Any CPU
		Release|Any CPU = Release|Any CPU
	EndGlobalSection
	GlobalSection(ProjectConfigurationPlatforms) = postSolution
		{0587C796-0B5E-4A36-B197-6C40232D4FD1}.Debug|Any CPU.ActiveCfg = Debug|Any CPU
		{0587C796-0B5E-4A36-B197-6C40232D4FD1}.Debug|Any CPU.Build.0 = Debug|Any CPU
		{0587C796-0B5E-4A36-B197-6C40232D4FD1}.Release|Any CPU.ActiveCfg = Release|Any CPU
		{0587C796-0B5E-4A36-B197-6C40232D4FD1}.Release|Any CPU.Build.0 = Release|Any CPU
		{5A7A433B-0B08-4F87-A526-CE1B71EE4CD6}.Debug|Any CPU.ActiveCfg = Debug|Any CPU
		{5A7A433B-0B08-4F87-A526-CE1B71EE4CD6}.Debug|Any CPU.Build.0 = Debug|Any CPU
		{5A7A433B-0B08-4F87-A526-CE1B71EE4CD6}.Release|Any CPU.ActiveCfg = Release|Any CPU
		{5A7A433B-0B08-4F87-A526-CE1B71EE4CD6}.Release|Any CPU.Build.0 = Release|Any CPU
		{765753B8-A9EB-4DD1-B0F0-D478E54E9ACB}.Debug|Any CPU.ActiveCfg = Debug|Any CPU
		{765753B8-A9EB-4DD1-B0F0-D478E54E9ACB}.Debug|Any CPU.Build.0 = Debug|Any CPU
		{765753B8-A9EB-4DD1-B0F0-D478E54E9ACB}.Release|Any CPU.ActiveCfg = Release|Any CPU
		{765753B8-A9EB-4DD1-B0F0-D478E54E9ACB}.Release|Any CPU.Build.0 = Release|Any CPU
		{F9E4A0A8-0657-461D-AAD7-E78B97EBE22E}.Debug|Any CPU.ActiveCfg = Debug|Any CPU
		{F9E4A0A8-0657-461D-AAD7-E78B97EBE22E}.Debug|Any CPU.Build.0 = Debug|Any CPU
		{F9E4A0A8-0657-461D-AAD7-E78B97EBE22E}.Release|Any CPU.ActiveCfg = Release|Any CPU
		{F9E4A0A8-0657-461D-AAD7-E78B97EBE22E}.Release|Any CPU.Build.0 = Release|Any CPU
	EndGlobalSection
	GlobalSection(MonoDevelopProperties) = preSolution
		StartupItem = PerfTest\PerfTest.csproj
	EndGlobalSection
EndGlobal
